# This file is automatically @generated by Cargo.
# It is not intended for manual editing.
version = 4

[[package]]
name = "sgida-behavior"
version = "0.1.0"

[[package]]
name = "sgida-email"
version = "0.1.0"

[[package]]
name = "sgida-identity"
version = "0.1.0"

[[package]]
name = "sgida-isolation"
version = "0.1.0"

[[package]]
name = "sgida-network"
version = "0.1.0"

[[package]]
name = "sgida-orchestrator"
version = "0.1.0"

[[package]]
name = "sgida-ports"
version = "0.1.0"

[[package]]
name = "sgida-stealth"
version = "0.1.0"

[[package]]
name = "sgida-target"
version = "0.1.0"

[[package]]
name = "sgidad"
version = "0.1.0"
